
Microsoft Visual Studio Solution File, Format Version 12.00
# Visual Studio Version 17
VisualStudioVersion = 17.10.35013.160
MinimumVisualStudioVersion = 10.0.40219.1
Project("{FAE04EC0-301F-11D3-BF4B-00C04F79EFBC}") = "Class_07.22", "Class_07.22.csproj", "{1655D317-AEF1-43DA-891E-6C5755D510AA}"
EndProject
Global
	GlobalSection(SolutionConfigurationPlatforms) = preSolution
		Debug|Any CPU = Debug|Any CPU
		Release|Any CPU = Release|Any CPU
	EndGlobalSection
	GlobalSection(ProjectConfigurationPlatforms) = postSolution
		{1655D317-AEF1-43DA-891E-6C5755D510AA}.Debug|Any CPU.ActiveCfg = Debug|Any CPU
		{1655D317-AEF1-43DA-891E-6C5755D510AA}.Debug|Any CPU.Build.0 = Debug|Any CPU
		{1655D317-AEF1-43DA-891E-6C5755D510AA}.Release|Any CPU.ActiveCfg = Release|Any CPU
		{1655D317-AEF1-43DA-891E-6C5755D510AA}.Release|Any CPU.Build.0 = Release|Any CPU
	EndGlobalSection
	GlobalSection(SolutionProperties) = preSolution
		HideSolutionNode = FALSE
	EndGlobalSection
	GlobalSection(ExtensibilityGlobals) = postSolution
		SolutionGuid = {E5AD2F7A-202D-4B91-BBF7-2131F0155EE5}
	EndGlobalSection
EndGlobal
